
Microsoft Visual Studio Solution File, Format Version 12.00
# Visual Studio 14
VisualStudioVersion = 14.0.25420.1
MinimumVisualStudioVersion = 10.0.40219.1
Project("{8BC9CEB8-8B4A-11D0-8D11-00A0C91BC942}") = "kickStart", "kickStart\kickStart.vcxproj", "{1D8B01E5-60DA-43B7-8744-E018DFF31ACA}"
EndProject
Project("{8BC9CEB8-8B4A-11D0-8D11-00A0C91BC942}") = "leetCode", "leetCode\leetCode.vcxproj", "{3C26BCD5-2386-4E6C-83F2-05B405FA1AAA}"
EndProject
Project("{8BC9CEB8-8B4A-11D0-8D11-00A0C91BC942}") = "2019秋招各大厂笔试", "2019秋招各大厂笔试\2019秋招各大厂笔试.vcxproj", "{5B5FFD9C-0239-4B0C-A8C6-D2B27B7767D5}"
EndProject
Global
	GlobalSection(SolutionConfigurationPlatforms) = preSolution
		Debug|x64 = Debug|x64
		Debug|x86 = Debug|x86
		Release|x64 = Release|x64
		Release|x86 = Release|x86
	EndGlobalSection
	GlobalSection(ProjectConfigurationPlatforms) = postSolution
		{1D8B01E5-60DA-43B7-8744-E018DFF31ACA}.Debug|x64.ActiveCfg = Debug|x64
		{1D8B01E5-60DA-43B7-8744-E018DFF31ACA}.Debug|x64.Build.0 = Debug|x64
		{1D8B01E5-60DA-43B7-8744-E018DFF31ACA}.Debug|x86.ActiveCfg = Debug|Win32
		{1D8B01E5-60DA-43B7-8744-E018DFF31ACA}.Debug|x86.Build.0 = Debug|Win32
		{1D8B01E5-60DA-43B7-8744-E018DFF31ACA}.Release|x64.ActiveCfg = Release|x64
		{1D8B01E5-60DA-43B7-8744-E018DFF31ACA}.Release|x64.Build.0 = Release|x64
		{1D8B01E5-60DA-43B7-8744-E018DFF31ACA}.Release|x86.ActiveCfg = Release|Win32
		{1D8B01E5-60DA-43B7-8744-E018DFF31ACA}.Release|x86.Build.0 = Release|Win32
		{3C26BCD5-2386-4E6C-83F2-05B405FA1AAA}.Debug|x64.ActiveCfg = Debug|x64
		{3C26BCD5-2386-4E6C-83F2-05B405FA1AAA}.Debug|x64.Build.0 = Debug|x64
		{3C26BCD5-2386-4E6C-83F2-05B405FA1AAA}.Debug|x86.ActiveCfg = Debug|Win32
		{3C26BCD5-2386-4E6C-83F2-05B405FA1AAA}.Debug|x86.Build.0 = Debug|Win32
		{3C26BCD5-2386-4E6C-83F2-05B405FA1AAA}.Release|x64.ActiveCfg = Release|x64
		{3C26BCD5-2386-4E6C-83F2-05B405FA1AAA}.Release|x64.Build.0 = Release|x64
		{3C26BCD5-2386-4E6C-83F2-05B405FA1AAA}.Release|x86.ActiveCfg = Release|Win32
		{3C26BCD5-2386-4E6C-83F2-05B405FA1AAA}.Release|x86.Build.0 = Release|Win32
		{5B5FFD9C-0239-4B0C-A8C6-D2B27B7767D5}.Debug|x64.ActiveCfg = Debug|x64
		{5B5FFD9C-0239-4B0C-A8C6-D2B27B7767D5}.Debug|x64.Build.0 = Debug|x64
		{5B5FFD9C-0239-4B0C-A8C6-D2B27B7767D5}.Debug|x86.ActiveCfg = Debug|Win32
		{5B5FFD9C-0239-4B0C-A8C6-D2B27B7767D5}.Debug|x86.Build.0 = Debug|Win32
		{5B5FFD9C-0239-4B0C-A8C6-D2B27B7767D5}.Release|x64.ActiveCfg = Release|x64
		{5B5FFD9C-0239-4B0C-A8C6-D2B27B7767D5}.Release|x64.Build.0 = Release|x64
		{5B5FFD9C-0239-4B0C-A8C6-D2B27B7767D5}.Release|x86.ActiveCfg = Release|Win32
		{5B5FFD9C-0239-4B0C-A8C6-D2B27B7767D5}.Release|x86.Build.0 = Release|Win32
	EndGlobalSection
	GlobalSection(SolutionProperties) = preSolution
		HideSolutionNode = FALSE
	EndGlobalSection
EndGlobal
